// !$*UTF8*$!
{
	archiveVersion = 1;
	classes = {
	};
	objectVersion = 46;
	objects = {

/* Begin PBXBuildFile section */
		8414154C1DB793490051AA5C /* AppDelegate.swift in Sources */ = {isa = PBXBuildFile; fileRef = 8414154B1DB793490051AA5C /* AppDelegate.swift */; };
		8414154E1DB793490051AA5C /* ViewController.swift in Sources */ = {isa = PBXBuildFile; fileRef = 8414154D1DB793490051AA5C /* ViewController.swift */; };
		841415511DB793490051AA5C /* Main.storyboard in Resources */ = {isa = PBXBuildFile; fileRef = 8414154F1DB793490051AA5C /* Main.storyboard */; };
		841415531DB793490051AA5C /* Assets.xcassets in Resources */ = {isa = PBXBuildFile; fileRef = 841415521DB793490051AA5C /* Assets.xcassets */; };
		841415561DB793490051AA5C /* LaunchScreen.storyboard in Resources */ = {isa = PBXBuildFile; fileRef = 841415541DB793490051AA5C /* LaunchScreen.storyboard */; };
		841415641DB793620051AA5C /* NewprjTests.swift in Sources */ = {isa = PBXBuildFile; fileRef = 841415631DB793620051AA5C /* NewprjTests.swift */; };
		84BBE81C1DBA12BB00478117 /* EpctoUpc.swift in Sources */ = {isa = PBXBuildFile; fileRef = 84BBE81B1DBA12BB00478117 /* EpctoUpc.swift */; };
/* End PBXBuildFile section */

/* Begin PBXContainerItemProxy section */
		841415661DB793620051AA5C /* PBXContainerItemProxy */ = {
			isa = PBXContainerItemProxy;
			containerPortal = 841415401DB793480051AA5C /* Project object */;
			proxyType = 1;
			remoteGlobalIDString = 841415471DB793480051AA5C;
			remoteInfo = Newprj;
		};
/* End PBXContainerItemProxy section */

/* Begin PBXFileReference section */
		841415481DB793480051AA5C /* Newprj.app */ = {isa = PBXFileReference; explicitFileType = wrapper.application; includeInIndex = 0; path = Newprj.app; sourceTree = BUILT_PRODUCTS_DIR; };
		8414154B1DB793490051AA5C /* AppDelegate.swift */ = {isa = PBXFileReference; lastKnownFileType = sourcecode.swift; path = AppDelegate.swift; sourceTree = "<group>"; };
		8414154D1DB793490051AA5C /* ViewController.swift */ = {isa = PBXFileReference; lastKnownFileType = sourcecode.swift; path = ViewController.swift; sourceTree = "<group>"; };
		841415501DB793490051AA5C /* Base */ = {isa = PBXFileReference; lastKnownFileType = file.storyboard; name = Base; path = Base.lproj/Main.storyboard; sourceTree = "<group>"; };
		841415521DB793490051AA5C /* Assets.xcassets */ = {isa = PBXFileReference; lastKnownFileType = folder.assetcatalog; path = Assets.xcassets; sourceTree = "<group>"; };
		841415551DB793490051AA5C /* Base */ = {isa = PBXFileReference; lastKnownFileType = file.storyboard; name = Base; path = Base.lproj/LaunchScreen.storyboard; sourceTree = "<group>"; };
		841415571DB793490051AA5C /* Info.plist */ = {isa = PBXFileReference; lastKnownFileType = text.plist.xml; path = Info.plist; sourceTree = "<group>"; };
		841415611DB793620051AA5C /* NewprjTests.xctest */ = {isa = PBXFileReference; explicitFileType = wrapper.cfbundle; includeInIndex = 0; path = NewprjTests.xctest; sourceTree = BUILT_PRODUCTS_DIR; };
		841415631DB793620051AA5C /* NewprjTests.swift */ = {isa = PBXFileReference; lastKnownFileType = sourcecode.swift; path = NewprjTests.swift; sourceTree = "<group>"; };
		841415651DB793620051AA5C /* Info.plist */ = {isa = PBXFileReference; lastKnownFileType = text.plist.xml; path = Info.plist; sourceTree = "<group>"; };
		84BBE81B1DBA12BB00478117 /* EpctoUpc.swift */ = {isa = PBXFileReference; fileEncoding = 4; lastKnownFileType = sourcecode.swift; path = EpctoUpc.swift; sourceTree = "<group>"; };
/* End PBXFileReference section */

/* Begin PBXFrameworksBuildPhase section */
		841415451DB793480051AA5C /* Frameworks */ = {
			isa = PBXFrameworksBuildPhase;
			buildActionMask = 2147483647;
			files = (
			);
			runOnlyForDeploymentPostprocessing = 0;
		};
		8414155E1DB793620051AA5C /* Frameworks */ = {
			isa = PBXFrameworksBuildPhase;
			buildActionMask = 2147483647;
			files = (
			);
			runOnlyForDeploymentPostprocessing = 0;
		};
/* End PBXFrameworksBuildPhase section */

/* Begin PBXGroup section */
		8414153F1DB793480051AA5C = {
			isa = PBXGroup;
			children = (
				8414154A1DB793490051AA5C /* Newprj */,
				841415621DB793620051AA5C /* NewprjTests */,
				841415491DB793480051AA5C /* Products */,
			);
			sourceTree = "<group>";
		};
		841415491DB793480051AA5C /* Products */ = {
			isa = PBXGroup;
			children = (
				841415481DB793480051AA5C /* Newprj.app */,
				841415611DB793620051AA5C /* NewprjTests.xctest */,
			);
			name = Products;
			sourceTree = "<group>";
		};
		8414154A1DB793490051AA5C /* Newprj */ = {
			isa = PBXGroup;
			children = (
				8414154B1DB793490051AA5C /* AppDelegate.swift */,
				8414154D1DB793490051AA5C /* ViewController.swift */,
				84BBE81B1DBA12BB00478117 /* EpctoUpc.swift */,
				8414154F1DB793490051AA5C /* Main.storyboard */,
				841415521DB793490051AA5C /* Assets.xcassets */,
				841415541DB793490051AA5C /* LaunchScreen.storyboard */,
				841415571DB793490051AA5C /* Info.plist */,
			);
			path = Newprj;
			sourceTree = "<group>";
		};
		841415621DB793620051AA5C /* NewprjTests */ = {
			isa = PBXGroup;
			children = (
				841415631DB793620051AA5C /* NewprjTests.swift */,
				841415651DB793620051AA5C /* Info.plist */,
			);
			path = NewprjTests;
			sourceTree = "<group>";
		};
/* End PBXGroup section */

/* Begin PBXNativeTarget section */
		841415471DB793480051AA5C /* Newprj */ = {
			isa = PBXNativeTarget;
			buildConfigurationList = 8414155A1DB793490051AA5C /* Build configuration list for PBXNativeTarget "Newprj" */;
			buildPhases = (
				841415441DB793480051AA5C /* Sources */,
				841415451DB793480051AA5C /* Frameworks */,
				841415461DB793480051AA5C /* Resources */,
			);
			buildRules = (
			);
			dependencies = (
			);
			name = Newprj;
			productName = Newprj;
			productReference = 841415481DB793480051AA5C /* Newprj.app */;
			productType = "com.apple.product-type.application";
		};
		841415601DB793620051AA5C /* NewprjTests */ = {
			isa = PBXNativeTarget;
			buildConfigurationList = 841415681DB793620051AA5C /* Build configuration list for PBXNativeTarget "NewprjTests" */;
			buildPhases = (
				8414155D1DB793620051AA5C /* Sources */,
				8414155E1DB793620051AA5C /* Frameworks */,
				8414155F1DB793620051AA5C /* Resources */,
			);
			buildRules = (
			);
			dependencies = (
				841415671DB793620051AA5C /* PBXTargetDependency */,
			);
			name = NewprjTests;
			productName = NewprjTests;
			productReference = 841415611DB793620051AA5C /* NewprjTests.xctest */;
			productType = "com.apple.product-type.bundle.unit-test";
		};
/* End PBXNativeTarget section */

/* Begin PBXProject section */
		841415401DB793480051AA5C /* Project object */ = {
			isa = PBXProject;
			attributes = {
				LastSwiftUpdateCheck = 0730;
				LastUpgradeCheck = 0730;
				ORGANIZATIONNAME = Admin;
				TargetAttributes = {
					841415471DB793480051AA5C = {
						CreatedOnToolsVersion = 7.3.1;
					};
					841415601DB793620051AA5C = {
						CreatedOnToolsVersion = 7.3.1;
						TestTargetID = 841415471DB793480051AA5C;
					};
				};
			};
			buildConfigurationList = 841415431DB793480051AA5C /* Build configuration list for PBXProject "Newprj" */;
			compatibilityVersion = "Xcode 3.2";
			developmentRegion = English;
			hasScannedForEncodings = 0;
			knownRegions = (
				en,
				Base,
			);
			mainGroup = 8414153F1DB793480051AA5C;
			productRefGroup = 841415491DB793480051AA5C /* Products */;
			projectDirPath = "";
			projectRoot = "";
			targets = (
				841415471DB793480051AA5C /* Newprj */,
				841415601DB793620051AA5C /* NewprjTests */,
			);
		};
/* End PBXProject section */

/* Begin PBXResourcesBuildPhase section */
		841415461DB793480051AA5C /* Resources */ = {
			isa = PBXResourcesBuildPhase;
			buildActionMask = 2147483647;
			files = (
				841415561DB793490051AA5C /* LaunchScreen.storyboard in Resources */,
				841415531DB793490051AA5C /* Assets.xcassets in Resources */,
				841415511DB793490051AA5C /* Main.storyboard in Resources */,
			);
			runOnlyForDeploymentPostprocessing = 0;
		};
		8414155F1DB793620051AA5C /* Resources */ = {
			isa = PBXResourcesBuildPhase;
			buildActionMask = 2147483647;
			files = (
			);
			runOnlyForDeploymentPostprocessing = 0;
		};
/* End PBXResourcesBuildPhase section */

/* Begin PBXSourcesBuildPhase section */
		841415441DB793480051AA5C /* Sources */ = {
			isa = PBXSourcesBuildPhase;
			buildActionMask = 2147483647;
			files = (
				8414154E1DB793490051AA5C /* ViewController.swift in Sources */,
				8414154C1DB793490051AA5C /* AppDelegate.swift in Sources */,
				84BBE81C1DBA12BB00478117 /* EpctoUpc.swift in Sources */,
			);
			runOnlyForDeploymentPostprocessing = 0;
		};
		8414155D1DB793620051AA5C /* Sources */ = {
			isa = PBXSourcesBuildPhase;
			buildActionMask = 2147483647;
			files = (
				841415641DB793620051AA5C /* NewprjTests.swift in Sources */,
			);
			runOnlyForDeploymentPostprocessing = 0;
		};
/* End PBXSourcesBuildPhase section */

/* Begin PBXTargetDependency section */
		841415671DB793620051AA5C /* PBXTargetDependency */ = {
			isa = PBXTargetDependency;
			target = 841415471DB793480051AA5C /* Newprj */;
			targetProxy = 841415661DB793620051AA5C /* PBXContainerItemProxy */;
		};
/* End PBXTargetDependency section */

/* Begin PBXVariantGroup section */
		8414154F1DB793490051AA5C /* Main.storyboard */ = {
			isa = PBXVariantGroup;
			children = (
				841415501DB793490051AA5C /* Base */,
			);
			name = Main.storyboard;
			sourceTree = "<group>";
		};
		841415541DB793490051AA5C /* LaunchScreen.storyboard */ = {
			isa = PBXVariantGroup;
			children = (
				841415551DB793490051AA5C /* Base */,
			);
			name = LaunchScreen.storyboard;
			sourceTree = "<group>";
		};
/* End PBXVariantGroup section */

/* Begin XCBuildConfiguration section */
		841415581DB793490051AA5C /* Debug */ = {
			isa = XCBuildConfiguration;
			buildSettings = {
				ALWAYS_SEARCH_USER_PATHS = NO;
				CLANG_ANALYZER_NONNULL = YES;
				CLANG_CXX_LANGUAGE_STANDARD = "gnu++0x";
				CLANG_CXX_LIBRARY = "libc++";
				CLANG_ENABLE_MODULES = YES;
				CLANG_ENABLE_OBJC_ARC = YES;
				CLANG_WARN_BOOL_CONVERSION = YES;
				CLANG_WARN_CONSTANT_CONVERSION = YES;
				CLANG_WARN_DIRECT_OBJC_ISA_USAGE = YES_ERROR;
				CLANG_WARN_EMPTY_BODY = YES;
				CLANG_WARN_ENUM_CONVERSION = YES;
				CLANG_WARN_INT_CONVERSION = YES;
				CLANG_WARN_OBJC_ROOT_CLASS = YES_ERROR;
				CLANG_WARN_UNREACHABLE_CODE = YES;
				CLANG_WARN__DUPLICATE_METHOD_MATCH = YES;
				"CODE_SIGN_IDENTITY[sdk=iphoneos*]" = "iPhone Developer";
				COPY_PHASE_STRIP = NO;
				DEBUG_INFORMATION_FORMAT = dwarf;
				ENABLE_STRICT_OBJC_MSGSEND = YES;
				ENABLE_TESTABILITY = YES;
				GCC_C_LANGUAGE_STANDARD = gnu99;
				GCC_DYNAMIC_NO_PIC = NO;
				GCC_NO_COMMON_BLOCKS = YES;
				GCC_OPTIMIZATION_LEVEL = 0;
				GCC_PREPROCESSOR_DEFINITIONS = (
					"DEBUG=1",
					"$(inherited)",
				);
				GCC_WARN_64_TO_32_BIT_CONVERSION = YES;
				GCC_WARN_ABOUT_RETURN_TYPE = YES_ERROR;
				GCC_WARN_UNDECLARED_SELECTOR = YES;
				GCC_WARN_UNINITIALIZED_AUTOS = YES_AGGRESSIVE;
				GCC_WARN_UNUSED_FUNCTION = YES;
				GCC_WARN_UNUSED_VARIABLE = YES;
				IPHONEOS_DEPLOYMENT_TARGET = 9.3;
				MTL_ENABLE_DEBUG_INFO = YES;
				ONLY_ACTIVE_ARCH = YES;
				SDKROOT = iphoneos;
				SWIFT_OPTIMIZATION_LEVEL = "-Onone";
				TARGETED_DEVICE_FAMILY = "1,2";
			};
			name = Debug;
		};
		841415591DB793490051AA5C /* Release */ = {
			isa = XCBuildConfiguration;
			buildSettings = {
				ALWAYS_SEARCH_USER_PATHS = NO;
				CLANG_ANALYZER_NONNULL = YES;
				CLANG_CXX_LANGUAGE_STANDARD = "gnu++0x";
				CLANG_CXX_LIBRARY = "libc++";
				CLANG_ENABLE_MODULES = YES;
				CLANG_ENABLE_OBJC_ARC = YES;
				CLANG_WARN_BOOL_CONVERSION = YES;
				CLANG_WARN_CONSTANT_CONVERSION = YES;
				CLANG_WARN_DIRECT_OBJC_ISA_USAGE = YES_ERROR;
				CLANG_WARN_EMPTY_BODY = YES;
				CLANG_WARN_ENUM_CONVERSION = YES;
				CLANG_WARN_INT_CONVERSION = YES;
				CLANG_WARN_OBJC_ROOT_CLASS = YES_ERROR;
				CLANG_WARN_UNREACHABLE_CODE = YES;
				CLANG_WARN__DUPLICATE_METHOD_MATCH = YES;
				"CODE_SIGN_IDENTITY[sdk=iphoneos*]" = "iPhone Developer";
				COPY_PHASE_STRIP = NO;
				DEBUG_INFORMATION_FORMAT = "dwarf-with-dsym";
				ENABLE_NS_ASSERTIONS = NO;
				ENABLE_STRICT_OBJC_MSGSEND = YES;
				GCC_C_LANGUAGE_STANDARD = gnu99;
				GCC_NO_COMMON_BLOCKS = YES;
				GCC_WARN_64_TO_32_BIT_CONVERSION = YES;
				GCC_WARN_ABOUT_RETURN_TYPE = YES_ERROR;
				GCC_WARN_UNDECLARED_SELECTOR = YES;
				GCC_WARN_UNINITIALIZED_AUTOS = YES_AGGRESSIVE;
				GCC_WARN_UNUSED_FUNCTION = YES;
				GCC_WARN_UNUSED_VARIABLE = YES;
				IPHONEOS_DEPLOYMENT_TARGET = 9.3;
				MTL_ENABLE_DEBUG_INFO = NO;
				SDKROOT = iphoneos;
				TARGETED_DEVICE_FAMILY = "1,2";
				VALIDATE_PRODUCT = YES;
			};
			name = Release;
		};
		8414155B1DB793490051AA5C /* Debug */ = {
			isa = XCBuildConfiguration;
			buildSettings = {
				ASSETCATALOG_COMPILER_APPICON_NAME = AppIcon;
				INFOPLIST_FILE = Newprj/Info.plist;
				LD_RUNPATH_SEARCH_PATHS = "$(inherited) @executable_path/Frameworks";
				PRODUCT_BUNDLE_IDENTIFIER = Oat.Newprj;
				PRODUCT_NAME = "$(TARGET_NAME)";
			};
			name = Debug;
		};
		8414155C1DB793490051AA5C /* Release */ = {
			isa = XCBuildConfiguration;
			buildSettings = {
				ASSETCATALOG_COMPILER_APPICON_NAME = AppIcon;
				INFOPLIST_FILE = Newprj/Info.plist;
				LD_RUNPATH_SEARCH_PATHS = "$(inherited) @executable_path/Frameworks";
				PRODUCT_BUNDLE_IDENTIFIER = Oat.Newprj;
				PRODUCT_NAME = "$(TARGET_NAME)";
			};
			name = Release;
		};
		841415691DB793620051AA5C /* Debug */ = {
			isa = XCBuildConfiguration;
			buildSettings = {
				BUNDLE_LOADER = "$(TEST_HOST)";
				INFOPLIST_FILE = NewprjTests/Info.plist;
				LD_RUNPATH_SEARCH_PATHS = "$(inherited) @executable_path/Frameworks @loader_path/Frameworks";
				PRODUCT_BUNDLE_IDENTIFIER = Oat.NewprjTests;
				PRODUCT_NAME = "$(TARGET_NAME)";
				TEST_HOST = "$(BUILT_PRODUCTS_DIR)/Newprj.app/Newprj";
			};
			name = Debug;
		};
		8414156A1DB793620051AA5C /* Release */ = {
			isa = XCBuildConfiguration;
			buildSettings = {
				BUNDLE_LOADER = "$(TEST_HOST)";
				INFOPLIST_FILE = NewprjTests/Info.plist;
				LD_RUNPATH_SEARCH_PATHS = "$(inherited) @executable_path/Frameworks @loader_path/Frameworks";
				PRODUCT_BUNDLE_IDENTIFIER = Oat.NewprjTests;
				PRODUCT_NAME = "$(TARGET_NAME)";
				TEST_HOST = "$(BUILT_PRODUCTS_DIR)/Newprj.app/Newprj";
			};
			name = Release;
		};
/* End XCBuildConfiguration section */

/* Begin XCConfigurationList section */
		841415431DB793480051AA5C /* Build configuration list for PBXProject "Newprj" */ = {
			isa = XCConfigurationList;
			buildConfigurations = (
				841415581DB793490051AA5C /* Debug */,
				841415591DB793490051AA5C /* Release */,
			);
			defaultConfigurationIsVisible = 0;
			defaultConfigurationName = Release;
		};
		8414155A1DB793490051AA5C /* Build configuration list for PBXNativeTarget "Newprj" */ = {
			isa = XCConfigurationList;
			buildConfigurations = (
				8414155B1DB793490051AA5C /* Debug */,
				8414155C1DB793490051AA5C /* Release */,
			);
			defaultConfigurationIsVisible = 0;
			defaultConfigurationName = Release;
		};
		841415681DB793620051AA5C /* Build configuration list for PBXNativeTarget "NewprjTests" */ = {
			isa = XCConfigurationList;
			buildConfigurations = (
				841415691DB793620051AA5C /* Debug */,
				8414156A1DB793620051AA5C /* Release */,
			);
			defaultConfigurationIsVisible = 0;
			defaultConfigurationName = Release;
		};
/* End XCConfigurationList section */
	};
	rootObject = 841415401DB793480051AA5C /* Project object */;
}
